
Microsoft Visual Studio Solution File, Format Version 12.00
# Visual Studio Version 17
VisualStudioVersion = 17.2.32630.192
MinimumVisualStudioVersion = 10.0.40219.1
Project("{8BC9CEB8-8B4A-11D0-8D11-00A0C91BC942}") = "steam-keygen", "steam-keygen.vcxproj", "{CD9799AE-9CDA-47C3-9A0E-B64D528055D7}"
EndProject
Global
	GlobalSection(SolutionConfigurationPlatforms) = preSolution
		Debug|x64 = Debug|x64
		Debug|x86 = Debug|x86
		Release|x64 = Release|x64
		Release|x86 = Release|x86
	EndGlobalSection
	GlobalSection(ProjectConfigurationPlatforms) = postSolution
		{CD9799AE-9CDA-47C3-9A0E-B64D528055D7}.Debug|x64.ActiveCfg = Debug|x64
		{CD9799AE-9CDA-47C3-9A0E-B64D528055D7}.Debug|x64.Build.0 = Debug|x64
		{CD9799AE-9CDA-47C3-9A0E-B64D528055D7}.Debug|x86.ActiveCfg = Debug|Win32
		{CD9799AE-9CDA-47C3-9A0E-B64D528055D7}.Debug|x86.Build.0 = Debug|Win32
		{CD9799AE-9CDA-47C3-9A0E-B64D528055D7}.Release|x64.ActiveCfg = Release|x64
		{CD9799AE-9CDA-47C3-9A0E-B64D528055D7}.Release|x64.Build.0 = Release|x64
		{CD9799AE-9CDA-47C3-9A0E-B64D528055D7}.Release|x86.ActiveCfg = Release|Win32
		{CD9799AE-9CDA-47C3-9A0E-B64D528055D7}.Release|x86.Build.0 = Release|Win32
	EndGlobalSection
	GlobalSection(SolutionProperties) = preSolution
		HideSolutionNode = FALSE
	EndGlobalSection
	GlobalSection(ExtensibilityGlobals) = postSolution
		SolutionGuid = {718CA101-01F6-42BA-B627-7D53D6304372}
	EndGlobalSection
EndGlobal
